# This file is automatically @generated by Poetry 1.8.2 and should not be changed by hand.

[[package]]
name = "aiwolf"
version = "1.3.0"
description = "The package for creating AIWolf agent in Python"
optional = false
python-versions = "*"
files = []
develop = false

[package.source]
type = "git"
url = "https://github.com/AIWolfSharp/aiwolf-python.git"
reference = "HEAD"
resolved_reference = "1a04b91caff3403296fdbb126a6e15de2307fc02"

[metadata]
lock-version = "2.0"
python-versions = "^3.12"
content-hash = "297c1779dd9e6289a761deb7836a65eda0c84058b6e810267a36381addd6afc1"
